speakeasyVersion: 1.759.0
sources:
    WaveShield API:
        sourceNamespace: wave-shield-api
        sourceRevisionDigest: sha256:6f8c0949d81930f4091b84b8700c784595000be39c3d27fdc21f2bd416451b60
        sourceBlobDigest: sha256:8245e990802889d893fe64f99f5c56f54fe50534768bf82ac80e9d64618ed33f
        tags:
            - latest
            - 1.0.0
targets:
    wave-shield:
        source: WaveShield API
        sourceNamespace: wave-shield-api
        sourceRevisionDigest: sha256:6f8c0949d81930f4091b84b8700c784595000be39c3d27fdc21f2bd416451b60
        sourceBlobDigest: sha256:8245e990802889d893fe64f99f5c56f54fe50534768bf82ac80e9d64618ed33f
        codeSamplesNamespace: wave-shield-api-typescript-code-samples
        codeSamplesRevisionDigest: sha256:0bc30aeef58881e42ad00d1f0ed7ac4ec78e1cc0b09c175bc72328e810474a39
workflow:
    workflowVersion: 1.0.0
    speakeasyVersion: latest
    sources:
        WaveShield API:
            inputs:
                - location: ./openapi.yaml
            overlays:
                - location: .speakeasy/speakeasy-modifications-overlay.yaml
            output: .speakeasy/out.openapi.yaml
            registry:
                location: registry.speakeasyapi.dev/waveshield/api/wave-shield-api
    targets:
        wave-shield:
            target: typescript
            source: WaveShield API
            publish:
                npm:
                    token: $npm_token
            codeSamples:
                registry:
                    location: registry.speakeasyapi.dev/waveshield/api/wave-shield-api-typescript-code-samples
                labelOverride:
                    fixedValue: Typescript (SDK)
                blocking: false
